// !$*UTF8*$!
{
	archiveVersion = 1;
	classes = {
	};
	objectVersion = 50;
	objects = {

/* Begin PBXBuildFile section */
		40148BAA22CD7666000E36D0 /* EndPointURL.swift in Sources */ = {isa = PBXBuildFile; fileRef = 40148BA922CD7666000E36D0 /* EndPointURL.swift */; };
		40148BAC22CD76D1000E36D0 /* AuthModel.swift in Sources */ = {isa = PBXBuildFile; fileRef = 40148BAB22CD76D1000E36D0 /* AuthModel.swift */; };
		40148BAE22CD770A000E36D0 /* StudentLocation.swift in Sources */ = {isa = PBXBuildFile; fileRef = 40148BAD22CD770A000E36D0 /* StudentLocation.swift */; };
		40148BB022CD771B000E36D0 /* NetworkManager.swift in Sources */ = {isa = PBXBuildFile; fileRef = 40148BAF22CD771B000E36D0 /* NetworkManager.swift */; };
		40148BB522CD7822000E36D0 /* DataProviderService.swift in Sources */ = {isa = PBXBuildFile; fileRef = 40148BB422CD7822000E36D0 /* DataProviderService.swift */; };
		40148BB822CD7C64000E36D0 /* MapViewController.swift in Sources */ = {isa = PBXBuildFile; fileRef = 40148BB722CD7C64000E36D0 /* MapViewController.swift */; };
		40148BBA22CD838D000E36D0 /* PostLocationViewController.swift in Sources */ = {isa = PBXBuildFile; fileRef = 40148BB922CD838D000E36D0 /* PostLocationViewController.swift */; };
		40148BBE22CD904A000E36D0 /* StudentCellTableViewCell.swift in Sources */ = {isa = PBXBuildFile; fileRef = 40148BBD22CD904A000E36D0 /* StudentCellTableViewCell.swift */; };
		40148BC222CDA455000E36D0 /* StudentsListViewController.swift in Sources */ = {isa = PBXBuildFile; fileRef = 40148BC122CDA455000E36D0 /* StudentsListViewController.swift */; };
		40242B4422B56B2C008D556D /* AppDelegate.swift in Sources */ = {isa = PBXBuildFile; fileRef = 40242B4322B56B2C008D556D /* AppDelegate.swift */; };
		40242B4622B56B2C008D556D /* LoginViewController.swift in Sources */ = {isa = PBXBuildFile; fileRef = 40242B4522B56B2C008D556D /* LoginViewController.swift */; };
		40242B4922B56B2C008D556D /* Main.storyboard in Resources */ = {isa = PBXBuildFile; fileRef = 40242B4722B56B2C008D556D /* Main.storyboard */; };
		40242B4B22B56B2F008D556D /* Assets.xcassets in Resources */ = {isa = PBXBuildFile; fileRef = 40242B4A22B56B2F008D556D /* Assets.xcassets */; };
		40242B4E22B56B2F008D556D /* LaunchScreen.storyboard in Resources */ = {isa = PBXBuildFile; fileRef = 40242B4C22B56B2F008D556D /* LaunchScreen.storyboard */; };
/* End PBXBuildFile section */

/* Begin PBXFileReference section */
		40148BA922CD7666000E36D0 /* EndPointURL.swift */ = {isa = PBXFileReference; lastKnownFileType = sourcecode.swift; path = EndPointURL.swift; sourceTree = "<group>"; };
		40148BAB22CD76D1000E36D0 /* AuthModel.swift */ = {isa = PBXFileReference; lastKnownFileType = sourcecode.swift; path = AuthModel.swift; sourceTree = "<group>"; };
		40148BAD22CD770A000E36D0 /* StudentLocation.swift */ = {isa = PBXFileReference; lastKnownFileType = sourcecode.swift; path = StudentLocation.swift; sourceTree = "<group>"; };
		40148BAF22CD771B000E36D0 /* NetworkManager.swift */ = {isa = PBXFileReference; lastKnownFileType = sourcecode.swift; path = NetworkManager.swift; sourceTree = "<group>"; };
		40148BB422CD7822000E36D0 /* DataProviderService.swift */ = {isa = PBXFileReference; lastKnownFileType = sourcecode.swift; path = DataProviderService.swift; sourceTree = "<group>"; };
		40148BB722CD7C64000E36D0 /* MapViewController.swift */ = {isa = PBXFileReference; lastKnownFileType = sourcecode.swift; path = MapViewController.swift; sourceTree = "<group>"; };
		40148BB922CD838D000E36D0 /* PostLocationViewController.swift */ = {isa = PBXFileReference; lastKnownFileType = sourcecode.swift; path = PostLocationViewController.swift; sourceTree = "<group>"; };
		40148BBD22CD904A000E36D0 /* StudentCellTableViewCell.swift */ = {isa = PBXFileReference; lastKnownFileType = sourcecode.swift; path = StudentCellTableViewCell.swift; sourceTree = "<group>"; };
		40148BC122CDA455000E36D0 /* StudentsListViewController.swift */ = {isa = PBXFileReference; lastKnownFileType = sourcecode.swift; path = StudentsListViewController.swift; sourceTree = "<group>"; };
		40242B4022B56B2C008D556D /* On The Map.app */ = {isa = PBXFileReference; explicitFileType = wrapper.application; includeInIndex = 0; path = "On The Map.app"; sourceTree = BUILT_PRODUCTS_DIR; };
		40242B4322B56B2C008D556D /* AppDelegate.swift */ = {isa = PBXFileReference; lastKnownFileType = sourcecode.swift; path = AppDelegate.swift; sourceTree = "<group>"; };
		40242B4522B56B2C008D556D /* LoginViewController.swift */ = {isa = PBXFileReference; lastKnownFileType = sourcecode.swift; path = LoginViewController.swift; sourceTree = "<group>"; };
		40242B4822B56B2C008D556D /* Base */ = {isa = PBXFileReference; lastKnownFileType = file.storyboard; name = Base; path = Base.lproj/Main.storyboard; sourceTree = "<group>"; };
		40242B4A22B56B2F008D556D /* Assets.xcassets */ = {isa = PBXFileReference; lastKnownFileType = folder.assetcatalog; path = Assets.xcassets; sourceTree = "<group>"; };
		40242B4D22B56B2F008D556D /* Base */ = {isa = PBXFileReference; lastKnownFileType = file.storyboard; name = Base; path = Base.lproj/LaunchScreen.storyboard; sourceTree = "<group>"; };
		40242B4F22B56B2F008D556D /* Info.plist */ = {isa = PBXFileReference; lastKnownFileType = text.plist.xml; path = Info.plist; sourceTree = "<group>"; };
/* End PBXFileReference section */

/* Begin PBXFrameworksBuildPhase section */
		40242B3D22B56B2C008D556D /* Frameworks */ = {
			isa = PBXFrameworksBuildPhase;
			buildActionMask = 2147483647;
			files = (
			);
			runOnlyForDeploymentPostprocessing = 0;
		};
/* End PBXFrameworksBuildPhase section */

/* Begin PBXGroup section */
		40148BB122CD772B000E36D0 /* Constants */ = {
			isa = PBXGroup;
			children = (
				40148BA922CD7666000E36D0 /* EndPointURL.swift */,
			);
			path = Constants;
			sourceTree = "<group>";
		};
		40148BB222CD7749000E36D0 /* Model */ = {
			isa = PBXGroup;
			children = (
				40148BAD22CD770A000E36D0 /* StudentLocation.swift */,
				40148BAB22CD76D1000E36D0 /* AuthModel.swift */,
			);
			path = Model;
			sourceTree = "<group>";
		};
		40148BB322CD777A000E36D0 /* Managers */ = {
			isa = PBXGroup;
			children = (
				40148BAF22CD771B000E36D0 /* NetworkManager.swift */,
			);
			path = Managers;
			sourceTree = "<group>";
		};
		40148BB622CD795D000E36D0 /* DataProvider */ = {
			isa = PBXGroup;
			children = (
				40148BB422CD7822000E36D0 /* DataProviderService.swift */,
			);
			path = DataProvider;
			sourceTree = "<group>";
		};
		40242B3722B56B2C008D556D = {
			isa = PBXGroup;
			children = (
				40242B4222B56B2C008D556D /* On The Map */,
				40242B4122B56B2C008D556D /* Products */,
			);
			sourceTree = "<group>";
		};
		40242B4122B56B2C008D556D /* Products */ = {
			isa = PBXGroup;
			children = (
				40242B4022B56B2C008D556D /* On The Map.app */,
			);
			name = Products;
			sourceTree = "<group>";
		};
		40242B4222B56B2C008D556D /* On The Map */ = {
			isa = PBXGroup;
			children = (
				40242B4322B56B2C008D556D /* AppDelegate.swift */,
				40148BB622CD795D000E36D0 /* DataProvider */,
				40148BB322CD777A000E36D0 /* Managers */,
				40148BB222CD7749000E36D0 /* Model */,
				40148BB122CD772B000E36D0 /* Constants */,
				40242B4522B56B2C008D556D /* LoginViewController.swift */,
				40148BB722CD7C64000E36D0 /* MapViewController.swift */,
				40148BC122CDA455000E36D0 /* StudentsListViewController.swift */,
				40148BB922CD838D000E36D0 /* PostLocationViewController.swift */,
				40242B4722B56B2C008D556D /* Main.storyboard */,
				40148BBD22CD904A000E36D0 /* StudentCellTableViewCell.swift */,
				40242B4A22B56B2F008D556D /* Assets.xcassets */,
				40242B4C22B56B2F008D556D /* LaunchScreen.storyboard */,
				40242B4F22B56B2F008D556D /* Info.plist */,
			);
			path = "On The Map";
			sourceTree = "<group>";
		};
/* End PBXGroup section */

/* Begin PBXNativeTarget section */
		40242B3F22B56B2C008D556D /* On The Map */ = {
			isa = PBXNativeTarget;
			buildConfigurationList = 40242B5222B56B2F008D556D /* Build configuration list for PBXNativeTarget "On The Map" */;
			buildPhases = (
				40242B3C22B56B2C008D556D /* Sources */,
				40242B3D22B56B2C008D556D /* Frameworks */,
				40242B3E22B56B2C008D556D /* Resources */,
			);
			buildRules = (
			);
			dependencies = (
			);
			name = "On The Map";
			productName = "On The Map";
			productReference = 40242B4022B56B2C008D556D /* On The Map.app */;
			productType = "com.apple.product-type.application";
		};
/* End PBXNativeTarget section */

/* Begin PBXProject section */
		40242B3822B56B2C008D556D /* Project object */ = {
			isa = PBXProject;
			attributes = {
				LastSwiftUpdateCheck = 1010;
				LastUpgradeCheck = 1010;
				ORGANIZATIONNAME = "Sayed ";
				TargetAttributes = {
					40242B3F22B56B2C008D556D = {
						CreatedOnToolsVersion = 10.1;
					};
				};
			};
			buildConfigurationList = 40242B3B22B56B2C008D556D /* Build configuration list for PBXProject "on the map" */;
			compatibilityVersion = "Xcode 9.3";
			developmentRegion = en;
			hasScannedForEncodings = 0;
			knownRegions = (
				en,
				Base,
			);
			mainGroup = 40242B3722B56B2C008D556D;
			productRefGroup = 40242B4122B56B2C008D556D /* Products */;
			projectDirPath = "";
			projectRoot = "";
			targets = (
				40242B3F22B56B2C008D556D /* On The Map */,
			);
		};
/* End PBXProject section */

/* Begin PBXResourcesBuildPhase section */
		40242B3E22B56B2C008D556D /* Resources */ = {
			isa = PBXResourcesBuildPhase;
			buildActionMask = 2147483647;
			files = (
				40242B4E22B56B2F008D556D /* LaunchScreen.storyboard in Resources */,
				40242B4B22B56B2F008D556D /* Assets.xcassets in Resources */,
				40242B4922B56B2C008D556D /* Main.storyboard in Resources */,
			);
			runOnlyForDeploymentPostprocessing = 0;
		};
/* End PBXResourcesBuildPhase section */

/* Begin PBXSourcesBuildPhase section */
		40242B3C22B56B2C008D556D /* Sources */ = {
			isa = PBXSourcesBuildPhase;
			buildActionMask = 2147483647;
			files = (
				40148BBE22CD904A000E36D0 /* StudentCellTableViewCell.swift in Sources */,
				40148BB022CD771B000E36D0 /* NetworkManager.swift in Sources */,
				40242B4622B56B2C008D556D /* LoginViewController.swift in Sources */,
				40148BAC22CD76D1000E36D0 /* AuthModel.swift in Sources */,
				40148BAA22CD7666000E36D0 /* EndPointURL.swift in Sources */,
				40148BB522CD7822000E36D0 /* DataProviderService.swift in Sources */,
				40148BAE22CD770A000E36D0 /* StudentLocation.swift in Sources */,
				40242B4422B56B2C008D556D /* AppDelegate.swift in Sources */,
				40148BBA22CD838D000E36D0 /* PostLocationViewController.swift in Sources */,
				40148BC222CDA455000E36D0 /* StudentsListViewController.swift in Sources */,
				40148BB822CD7C64000E36D0 /* MapViewController.swift in Sources */,
			);
			runOnlyForDeploymentPostprocessing = 0;
		};
/* End PBXSourcesBuildPhase section */

/* Begin PBXVariantGroup section */
		40242B4722B56B2C008D556D /* Main.storyboard */ = {
			isa = PBXVariantGroup;
			children = (
				40242B4822B56B2C008D556D /* Base */,
			);
			name = Main.storyboard;
			sourceTree = "<group>";
		};
		40242B4C22B56B2F008D556D /* LaunchScreen.storyboard */ = {
			isa = PBXVariantGroup;
			children = (
				40242B4D22B56B2F008D556D /* Base */,
			);
			name = LaunchScreen.storyboard;
			sourceTree = "<group>";
		};
/* End PBXVariantGroup section */

/* Begin XCBuildConfiguration section */
		40242B5022B56B2F008D556D /* Debug */ = {
			isa = XCBuildConfiguration;
			buildSettings = {
				ALWAYS_SEARCH_USER_PATHS = NO;
				CLANG_ANALYZER_NONNULL = YES;
				CLANG_ANALYZER_NUMBER_OBJECT_CONVERSION = YES_AGGRESSIVE;
				CLANG_CXX_LANGUAGE_STANDARD = "gnu++14";
				CLANG_CXX_LIBRARY = "libc++";
				CLANG_ENABLE_MODULES = YES;
				CLANG_ENABLE_OBJC_ARC = YES;
				CLANG_ENABLE_OBJC_WEAK = YES;
				CLANG_WARN_BLOCK_CAPTURE_AUTORELEASING = YES;
				CLANG_WARN_BOOL_CONVERSION = YES;
				CLANG_WARN_COMMA = YES;
				CLANG_WARN_CONSTANT_CONVERSION = YES;
				CLANG_WARN_DEPRECATED_OBJC_IMPLEMENTATIONS = YES;
				CLANG_WARN_DIRECT_OBJC_ISA_USAGE = YES_ERROR;
				CLANG_WARN_DOCUMENTATION_COMMENTS = YES;
				CLANG_WARN_EMPTY_BODY = YES;
				CLANG_WARN_ENUM_CONVERSION = YES;
				CLANG_WARN_INFINITE_RECURSION = YES;
				CLANG_WARN_INT_CONVERSION = YES;
				CLANG_WARN_NON_LITERAL_NULL_CONVERSION = YES;
				CLANG_WARN_OBJC_IMPLICIT_RETAIN_SELF = YES;
				CLANG_WARN_OBJC_LITERAL_CONVERSION = YES;
				CLANG_WARN_OBJC_ROOT_CLASS = YES_ERROR;
				CLANG_WARN_RANGE_LOOP_ANALYSIS = YES;
				CLANG_WARN_STRICT_PROTOTYPES = YES;
				CLANG_WARN_SUSPICIOUS_MOVE = YES;
				CLANG_WARN_UNGUARDED_AVAILABILITY = YES_AGGRESSIVE;
				CLANG_WARN_UNREACHABLE_CODE = YES;
				CLANG_WARN__DUPLICATE_METHOD_MATCH = YES;
				CODE_SIGN_IDENTITY = "iPhone Developer";
				COPY_PHASE_STRIP = NO;
				DEBUG_INFORMATION_FORMAT = dwarf;
				ENABLE_STRICT_OBJC_MSGSEND = YES;
				ENABLE_TESTABILITY = YES;
				GCC_C_LANGUAGE_STANDARD = gnu11;
				GCC_DYNAMIC_NO_PIC = NO;
				GCC_NO_COMMON_BLOCKS = YES;
				GCC_OPTIMIZATION_LEVEL = 0;
				GCC_PREPROCESSOR_DEFINITIONS = (
					"DEBUG=1",
					"$(inherited)",
				);
				GCC_WARN_64_TO_32_BIT_CONVERSION = YES;
				GCC_WARN_ABOUT_RETURN_TYPE = YES_ERROR;
				GCC_WARN_UNDECLARED_SELECTOR = YES;
				GCC_WARN_UNINITIALIZED_AUTOS = YES_AGGRESSIVE;
				GCC_WARN_UNUSED_FUNCTION = YES;
				GCC_WARN_UNUSED_VARIABLE = YES;
				IPHONEOS_DEPLOYMENT_TARGET = 12.1;
				MTL_ENABLE_DEBUG_INFO = INCLUDE_SOURCE;
				MTL_FAST_MATH = YES;
				ONLY_ACTIVE_ARCH = YES;
				SDKROOT = iphoneos;
				SWIFT_ACTIVE_COMPILATION_CONDITIONS = DEBUG;
				SWIFT_OPTIMIZATION_LEVEL = "-Onone";
			};
			name = Debug;
		};
		40242B5122B56B2F008D556D /* Release */ = {
			isa = XCBuildConfiguration;
			buildSettings = {
				ALWAYS_SEARCH_USER_PATHS = NO;
				CLANG_ANALYZER_NONNULL = YES;
				CLANG_ANALYZER_NUMBER_OBJECT_CONVERSION = YES_AGGRESSIVE;
				CLANG_CXX_LANGUAGE_STANDARD = "gnu++14";
				CLANG_CXX_LIBRARY = "libc++";
				CLANG_ENABLE_MODULES = YES;
				CLANG_ENABLE_OBJC_ARC = YES;
				CLANG_ENABLE_OBJC_WEAK = YES;
				CLANG_WARN_BLOCK_CAPTURE_AUTORELEASING = YES;
				CLANG_WARN_BOOL_CONVERSION = YES;
				CLANG_WARN_COMMA = YES;
				CLANG_WARN_CONSTANT_CONVERSION = YES;
				CLANG_WARN_DEPRECATED_OBJC_IMPLEMENTATIONS = YES;
				CLANG_WARN_DIRECT_OBJC_ISA_USAGE = YES_ERROR;
				CLANG_WARN_DOCUMENTATION_COMMENTS = YES;
				CLANG_WARN_EMPTY_BODY = YES;
				CLANG_WARN_ENUM_CONVERSION = YES;
				CLANG_WARN_INFINITE_RECURSION = YES;
				CLANG_WARN_INT_CONVERSION = YES;
				CLANG_WARN_NON_LITERAL_NULL_CONVERSION = YES;
				CLANG_WARN_OBJC_IMPLICIT_RETAIN_SELF = YES;
				CLANG_WARN_OBJC_LITERAL_CONVERSION = YES;
				CLANG_WARN_OBJC_ROOT_CLASS = YES_ERROR;
				CLANG_WARN_RANGE_LOOP_ANALYSIS = YES;
				CLANG_WARN_STRICT_PROTOTYPES = YES;
				CLANG_WARN_SUSPICIOUS_MOVE = YES;
				CLANG_WARN_UNGUARDED_AVAILABILITY = YES_AGGRESSIVE;
				CLANG_WARN_UNREACHABLE_CODE = YES;
				CLANG_WARN__DUPLICATE_METHOD_MATCH = YES;
				CODE_SIGN_IDENTITY = "iPhone Developer";
				COPY_PHASE_STRIP = NO;
				DEBUG_INFORMATION_FORMAT = "dwarf-with-dsym";
				ENABLE_NS_ASSERTIONS = NO;
				ENABLE_STRICT_OBJC_MSGSEND = YES;
				GCC_C_LANGUAGE_STANDARD = gnu11;
				GCC_NO_COMMON_BLOCKS = YES;
				GCC_WARN_64_TO_32_BIT_CONVERSION = YES;
				GCC_WARN_ABOUT_RETURN_TYPE = YES_ERROR;
				GCC_WARN_UNDECLARED_SELECTOR = YES;
				GCC_WARN_UNINITIALIZED_AUTOS = YES_AGGRESSIVE;
				GCC_WARN_UNUSED_FUNCTION = YES;
				GCC_WARN_UNUSED_VARIABLE = YES;
				IPHONEOS_DEPLOYMENT_TARGET = 12.1;
				MTL_ENABLE_DEBUG_INFO = NO;
				MTL_FAST_MATH = YES;
				SDKROOT = iphoneos;
				SWIFT_COMPILATION_MODE = wholemodule;
				SWIFT_OPTIMIZATION_LEVEL = "-O";
				VALIDATE_PRODUCT = YES;
			};
			name = Release;
		};
		40242B5322B56B2F008D556D /* Debug */ = {
			isa = XCBuildConfiguration;
			buildSettings = {
				ASSETCATALOG_COMPILER_APPICON_NAME = AppIcon;
				CODE_SIGN_STYLE = Automatic;
				INFOPLIST_FILE = "On The Map/Info.plist";
				LD_RUNPATH_SEARCH_PATHS = (
					"$(inherited)",
					"@executable_path/Frameworks",
				);
				PRODUCT_BUNDLE_IDENTIFIER = "On-The-Map";
				PRODUCT_NAME = "$(TARGET_NAME)";
				SWIFT_VERSION = 4.2;
				TARGETED_DEVICE_FAMILY = "1,2";
			};
			name = Debug;
		};
		40242B5422B56B2F008D556D /* Release */ = {
			isa = XCBuildConfiguration;
			buildSettings = {
				ASSETCATALOG_COMPILER_APPICON_NAME = AppIcon;
				CODE_SIGN_STYLE = Automatic;
				INFOPLIST_FILE = "On The Map/Info.plist";
				LD_RUNPATH_SEARCH_PATHS = (
					"$(inherited)",
					"@executable_path/Frameworks",
				);
				PRODUCT_BUNDLE_IDENTIFIER = "On-The-Map";
				PRODUCT_NAME = "$(TARGET_NAME)";
				SWIFT_VERSION = 4.2;
				TARGETED_DEVICE_FAMILY = "1,2";
			};
			name = Release;
		};
/* End XCBuildConfiguration section */

/* Begin XCConfigurationList section */
		40242B3B22B56B2C008D556D /* Build configuration list for PBXProject "on the map" */ = {
			isa = XCConfigurationList;
			buildConfigurations = (
				40242B5022B56B2F008D556D /* Debug */,
				40242B5122B56B2F008D556D /* Release */,
			);
			defaultConfigurationIsVisible = 0;
			defaultConfigurationName = Release;
		};
		40242B5222B56B2F008D556D /* Build configuration list for PBXNativeTarget "On The Map" */ = {
			isa = XCConfigurationList;
			buildConfigurations = (
				40242B5322B56B2F008D556D /* Debug */,
				40242B5422B56B2F008D556D /* Release */,
			);
			defaultConfigurationIsVisible = 0;
			defaultConfigurationName = Release;
		};
/* End XCConfigurationList section */
	};
	rootObject = 40242B3822B56B2C008D556D /* Project object */;
}
